
Microsoft Visual Studio Solution File, Format Version 12.00
# Visual Studio Version 17
VisualStudioVersion = 17.4.33122.133
MinimumVisualStudioVersion = 10.0.40219.1
Project("{9A19103F-16F7-4668-BE54-9A1E7A4F7556}") = "PilotApp", "PilotApp.csproj", "{1CF7A83B-B562-4872-8BCB-9309CF43D618}"
EndProject
Global
	GlobalSection(SolutionConfigurationPlatforms) = preSolution
		Debug|Any CPU = Debug|Any CPU
		Release|Any CPU = Release|Any CPU
	EndGlobalSection
	GlobalSection(ProjectConfigurationPlatforms) = postSolution
		{1CF7A83B-B562-4872-8BCB-9309CF43D618}.Debug|Any CPU.ActiveCfg = Debug|Any CPU
		{1CF7A83B-B562-4872-8BCB-9309CF43D618}.Debug|Any CPU.Build.0 = Debug|Any CPU
		{1CF7A83B-B562-4872-8BCB-9309CF43D618}.Release|Any CPU.ActiveCfg = Release|Any CPU
		{1CF7A83B-B562-4872-8BCB-9309CF43D618}.Release|Any CPU.Build.0 = Release|Any CPU
	EndGlobalSection
	GlobalSection(SolutionProperties) = preSolution
		HideSolutionNode = FALSE
	EndGlobalSection
	GlobalSection(ExtensibilityGlobals) = postSolution
		SolutionGuid = {55E294DE-BCC2-4695-9CEC-68419C4CC25E}
	EndGlobalSection
EndGlobal
